
Microsoft Visual Studio Solution File, Format Version 12.00
# Visual Studio 15
VisualStudioVersion = 15.0.26430.14
MinimumVisualStudioVersion = 10.0.40219.1
Project("{2150E333-8FDC-42A3-9474-1A3956D46DE8}") = "DEMOS", "DEMOS", "{75A6D539-8458-45DF-BE47-1376FB54C16E}"
EndProject
Project("{2150E333-8FDC-42A3-9474-1A3956D46DE8}") = "Class", "Class", "{69E172C4-C41E-49E1-80A7-9F011CA76C8B}"
EndProject
Project("{2150E333-8FDC-42A3-9474-1A3956D46DE8}") = "Assignments", "Assignments", "{EE0E027C-366F-4685-94D5-0EA5F6870B1B}"
EndProject
Project("{2150E333-8FDC-42A3-9474-1A3956D46DE8}") = "Exercises", "Exercises", "{78C06654-E155-40A8-97F7-7BA1E50977C5}"
EndProject
Project("{2150E333-8FDC-42A3-9474-1A3956D46DE8}") = "Other", "Other", "{A586CAA1-C864-488E-8301-D374FFD607C9}"
EndProject
Project("{2150E333-8FDC-42A3-9474-1A3956D46DE8}") = "Exams", "Exams", "{1DE057D2-4D76-47ED-BA52-0E6114D6E231}"
EndProject
Project("{8BC9CEB8-8B4A-11D0-8D11-00A0C91BC942}") = "C01_OpenGL", "C01_OpenGL\C01_OpenGL.vcxproj", "{FA12657D-D8A0-41F5-8FB0-D1031C586229}"
EndProject
Project("{8BC9CEB8-8B4A-11D0-8D11-00A0C91BC942}") = "C02_SFML", "C02_SFML\C02_SFML.vcxproj", "{FC236736-76AC-40A9-BFEF-3ECB6DB084C8}"
EndProject
Project("{8BC9CEB8-8B4A-11D0-8D11-00A0C91BC942}") = "C03_ClassStructure", "C03_ClassStructure\C03_ClassStructure.vcxproj", "{0A97ECD7-0580-4FCF-9FA0-C406EAC3642B}"
EndProject
Project("{8BC9CEB8-8B4A-11D0-8D11-00A0C91BC942}") = "C04_ShaderCompiler", "C04_ShaderCompiler\C04_ShaderCompiler.vcxproj", "{C15B09BC-570B-4098-8967-037462DFDF62}"
EndProject
Project("{8BC9CEB8-8B4A-11D0-8D11-00A0C91BC942}") = "C05_Shaders", "C05_Shaders\C05_Shaders.vcxproj", "{E60B5B2D-19E8-4FD3-BFF7-CB908C5A651A}"
EndProject
Project("{8BC9CEB8-8B4A-11D0-8D11-00A0C91BC942}") = "D_GLFW_Application", "D_GLFW_Application\D_GLFW_Application.vcxproj", "{837A57D3-2A9F-4985-B2EA-E18558EEAA43}"
EndProject
Project("{8BC9CEB8-8B4A-11D0-8D11-00A0C91BC942}") = "D_GLFW_Demo", "D_GLFW_Demo\D_GLFW_Demo.vcxproj", "{49647803-64C5-4742-BCB2-C8DC671B25EF}"
EndProject
Project("{8BC9CEB8-8B4A-11D0-8D11-00A0C91BC942}") = "D_SDL_Application", "D_SDL_Application\D_SDL_Application.vcxproj", "{0CAD91E6-F886-4615-870F-EE1B186614DC}"
EndProject
Project("{8BC9CEB8-8B4A-11D0-8D11-00A0C91BC942}") = "D_SDL_Demo", "D_SDL_Demo\D_SDL_Demo.vcxproj", "{654799F4-5396-4466-84E9-2BFD26B5BE8A}"
EndProject
Project("{8BC9CEB8-8B4A-11D0-8D11-00A0C91BC942}") = "D_SFML_Application", "D_SFML_Application\D_SFML_Application.vcxproj", "{949C0D34-7F48-404C-985B-3795E00D7EE7}"
EndProject
Project("{8BC9CEB8-8B4A-11D0-8D11-00A0C91BC942}") = "D_SFML_Demo", "D_SFML_Demo\D_SFML_Demo.vcxproj", "{AE6E05E4-DC5F-4A08-9D77-93D4490DFFFF}"
EndProject
Project("{2150E333-8FDC-42A3-9474-1A3956D46DE8}") = "Framework", "Framework", "{A8C5934B-38F4-49D4-A0E2-9A8F3F2945D3}"
EndProject
Project("{8BC9CEB8-8B4A-11D0-8D11-00A0C91BC942}") = "BasicX", "BasicX\BasicX.vcxproj", "{E745E25C-0143-42AC-A486-1395A4C972AE}"
EndProject
Project("{8BC9CEB8-8B4A-11D0-8D11-00A0C91BC942}") = "00_Sandbox", "00_Sandbox\00_Sandbox.vcxproj", "{BE52867A-92EA-479A-9F73-1E96168F9A7B}"
EndProject
Project("{8BC9CEB8-8B4A-11D0-8D11-00A0C91BC942}") = "C06_Translation", "C06_Translation\C06_Translation.vcxproj", "{EDFA3E00-4D79-4DE5-96F7-438EAC3E1103}"
EndProject
Project("{8BC9CEB8-8B4A-11D0-8D11-00A0C91BC942}") = "C07_System", "C07_System\C07_System.vcxproj", "{F700B28F-0E10-450C-AABC-4155C460245B}"
EndProject
Project("{8BC9CEB8-8B4A-11D0-8D11-00A0C91BC942}") = "C08_Framework", "C08_Framework\C08_Framework.vcxproj", "{D96B0ECC-60B7-44C9-9E0F-243F30CB091C}"
	ProjectSection(ProjectDependencies) = postProject
		{E745E25C-0143-42AC-A486-1395A4C972AE} = {E745E25C-0143-42AC-A486-1395A4C972AE}
	EndProjectSection
EndProject
Project("{8BC9CEB8-8B4A-11D0-8D11-00A0C91BC942}") = "C09_SimplexBase", "C09_SimplexBase\C09_SimplexBase.vcxproj", "{CEBD13BA-58AB-4983-8281-2FD4A23876F5}"
EndProject
Project("{8BC9CEB8-8B4A-11D0-8D11-00A0C91BC942}") = "C10_MeshClass", "C10_MeshClass\C10_MeshClass.vcxproj", "{C76AC833-06E7-4E6A-A097-83568F4930BE}"
EndProject
Project("{8BC9CEB8-8B4A-11D0-8D11-00A0C91BC942}") = "C11_TranslationAndScale", "C11_TranslationAndScale\C11_TranslationAndScale.vcxproj", "{F8D2226D-0FEB-4B92-9F76-59DBB6936F5C}"
EndProject
Project("{8BC9CEB8-8B4A-11D0-8D11-00A0C91BC942}") = "C12_LERP", "C12_LERP\C12_LERP.vcxproj", "{0F3ED9B5-5767-4A16-A2B7-AA328F911889}"
EndProject
Project("{8BC9CEB8-8B4A-11D0-8D11-00A0C91BC942}") = "C13_Rotations", "C13_Rotations\C13_Rotations.vcxproj", "{8C11DBDA-D14E-43F4-8F33-C2206969681C}"
EndProject
Project("{8BC9CEB8-8B4A-11D0-8D11-00A0C91BC942}") = "C14_Quaternions", "C14_Quaternions\C14_Quaternions.vcxproj", "{1F43F357-3BBA-4A90-ABCC-A13ABFAE85B0}"
EndProject
Project("{8BC9CEB8-8B4A-11D0-8D11-00A0C91BC942}") = "C15_ProjectionsAndCamera", "C15_ProjectionsAndCamera\C15_ProjectionsAndCamera.vcxproj", "{82D1372E-2527-4994-BB82-F2EF0A25A5BF}"
EndProject
Project("{8BC9CEB8-8B4A-11D0-8D11-00A0C91BC942}") = "C16_ManagersAndInstancing", "C16_ManagersAndInstancing\C16_ManagersAndInstancing.vcxproj", "{8A69A84C-1395-4519-BFEA-A63FF0152003}"
EndProject
Project("{8BC9CEB8-8B4A-11D0-8D11-00A0C91BC942}") = "C17_RigidBodyPt2", "C17_RigidBodyPt2\C17_RigidBodyPt2.vcxproj", "{F13A6A54-200D-4888-A8AC-D8F29122BF58}"
EndProject
Project("{8BC9CEB8-8B4A-11D0-8D11-00A0C91BC942}") = "C17_RigidBodyPt3", "C17_RigidBodyPt3\C17_RigidBodyPt3.vcxproj", "{4FA51D19-8EF4-4B71-A2CB-557B075ED3B5}"
EndProject
Project("{8BC9CEB8-8B4A-11D0-8D11-00A0C91BC942}") = "C18_SAT(outcome)", "C18_SAT(outcome)\C18_SAT(outcome).vcxproj", "{1DE3FADD-3B5E-4D01-A0EF-58D207A1C1DD}"
EndProject
Project("{8BC9CEB8-8B4A-11D0-8D11-00A0C91BC942}") = "C19_Entity", "C19_Entity\C19_Entity.vcxproj", "{4B4B19F6-D848-4668-B938-F0686EB12F9A}"
EndProject
Project("{8BC9CEB8-8B4A-11D0-8D11-00A0C91BC942}") = "C20_EntityManager", "C20_EntityManager\C20_EntityManager.vcxproj", "{B29A7F3F-25ED-41BB-93DB-A79A918FAFDC}"
EndProject
Project("{8BC9CEB8-8B4A-11D0-8D11-00A0C91BC942}") = "C21_SpatialOptimizationPt1", "C21_SpatialOptimizationPt1\C21_SpatialOptimizationPt1.vcxproj", "{844D5FBC-A0E8-446D-AF24-7B6FAD8FD713}"
EndProject
Project("{8BC9CEB8-8B4A-11D0-8D11-00A0C91BC942}") = "C21_SpatialOptimizationPt2", "C21_SpatialOptimizationPt2\C21_SpatialOptimizationPt2.vcxproj", "{AA74BEEF-2484-4B8A-A9F4-ACB122220189}"
EndProject
Project("{8BC9CEB8-8B4A-11D0-8D11-00A0C91BC942}") = "C22_Physics", "C22_Physics\C22_Physics.vcxproj", "{58CB6636-1057-466F-AB91-BADB3395421A}"
EndProject
Project("{8BC9CEB8-8B4A-11D0-8D11-00A0C91BC942}") = "C17_RigidBodyPt1", "C17_RigidBodyPt1\C17_RigidBodyPt1.vcxproj", "{9E15F775-D7C8-486A-A4B6-3F9F21881D69}"
EndProject
Project("{8BC9CEB8-8B4A-11D0-8D11-00A0C91BC942}") = "VariableApplication", "VariableApplication\VariableApplication.vcxproj", "{34D8E51C-8BFB-4316-8048-234C3FD966D1}"
	ProjectSection(ProjectDependencies) = postProject
		{E745E25C-0143-42AC-A486-1395A4C972AE} = {E745E25C-0143-42AC-A486-1395A4C972AE}
	EndProjectSection
EndProject
Project("{8BC9CEB8-8B4A-11D0-8D11-00A0C91BC942}") = "C17_RigidBodyPt0", "C17_RigidBodyPt0\C17_RigidBodyPt0.vcxproj", "{D9FF59DA-07A5-475D-8B11-C70D8891576E}"
EndProject
Project("{8BC9CEB8-8B4A-11D0-8D11-00A0C91BC942}") = "E04 - Circle Creation", "E04 - Cube Creation\E04 - Cube Creation.vcxproj", "{531771BB-7F7E-47FF-A148-2AC8F76235A0}"
EndProject
Project("{8BC9CEB8-8B4A-11D0-8D11-00A0C91BC942}") = "E06 - LERP", "E06 - LERP\E06 - LERP.vcxproj", "{822E40D2-80A1-46EB-AD93-EC28C4F145ED}"
EndProject
Project("{8BC9CEB8-8B4A-11D0-8D11-00A0C91BC942}") = "E08 - Gimbal Removal", "E08 - Gimbal Removal\E08 - Gimbal Removal.vcxproj", "{562D9687-E5A5-4AE5-BCDA-0391D518E7BD}"
EndProject
Project("{8BC9CEB8-8B4A-11D0-8D11-00A0C91BC942}") = "E09 - Projections", "E09 - Projections\E09 - Projections.vcxproj", "{0BFF89F3-1A79-4B83-A0EB-7C16FDA662E1}"
EndProject
Project("{8BC9CEB8-8B4A-11D0-8D11-00A0C91BC942}") = "E10 - ARBB", "E10 - ARBB\E10 - ARBB.vcxproj", "{9557AEB2-A186-4645-B8D0-678D133C2EFA}"
EndProject
Project("{8BC9CEB8-8B4A-11D0-8D11-00A0C91BC942}") = "E11 - EntityManager", "E11 - EntityManager\E11 - EntityManager.vcxproj", "{870B329D-6DED-48D2-8E86-0893E3BB8DAB}"
EndProject
Project("{8BC9CEB8-8B4A-11D0-8D11-00A0C91BC942}") = "A02 - 3D Primitives", "A02 - 3D Primitives\A02 - 3D Primitives.vcxproj", "{7EDBEED8-75ED-48EE-9F13-5D4A895E8F1B}"
EndProject
Project("{8BC9CEB8-8B4A-11D0-8D11-00A0C91BC942}") = "A03 - LERP", "A03 - LERP\A03 - LERP.vcxproj", "{63E8C63D-1CCD-43F2-9E0F-1510677DE856}"
EndProject
Project("{8BC9CEB8-8B4A-11D0-8D11-00A0C91BC942}") = "A04 - Camera", "A04 - Camera\A04 - Camera.vcxproj", "{08A11DA8-4582-4AE0-90FE-929F44487E65}"
EndProject
Project("{8BC9CEB8-8B4A-11D0-8D11-00A0C91BC942}") = "A05 - SAT", "A05 - SAT\A05 - SAT.vcxproj", "{413BF597-600A-43A8-8A82-CB60E2DCDD95}"
EndProject
Project("{8BC9CEB8-8B4A-11D0-8D11-00A0C91BC942}") = "A06 - Octree", "A06 - Octree\A06 - Octree.vcxproj", "{44D2C07B-798D-461B-9019-DFB240593888}"
EndProject
Global
	GlobalSection(SolutionConfigurationPlatforms) = preSolution
		Debug|x86 = Debug|x86
		Release|x86 = Release|x86
	EndGlobalSection
	GlobalSection(ProjectConfigurationPlatforms) = postSolution
		{FA12657D-D8A0-41F5-8FB0-D1031C586229}.Debug|x86.ActiveCfg = Debug|Win32
		{FA12657D-D8A0-41F5-8FB0-D1031C586229}.Debug|x86.Build.0 = Debug|Win32
		{FA12657D-D8A0-41F5-8FB0-D1031C586229}.Release|x86.ActiveCfg = Release|Win32
		{FA12657D-D8A0-41F5-8FB0-D1031C586229}.Release|x86.Build.0 = Release|Win32
		{FC236736-76AC-40A9-BFEF-3ECB6DB084C8}.Debug|x86.ActiveCfg = Debug|Win32
		{FC236736-76AC-40A9-BFEF-3ECB6DB084C8}.Debug|x86.Build.0 = Debug|Win32
		{FC236736-76AC-40A9-BFEF-3ECB6DB084C8}.Release|x86.ActiveCfg = Release|Win32
		{FC236736-76AC-40A9-BFEF-3ECB6DB084C8}.Release|x86.Build.0 = Release|Win32
		{0A97ECD7-0580-4FCF-9FA0-C406EAC3642B}.Debug|x86.ActiveCfg = Debug|Win32
		{0A97ECD7-0580-4FCF-9FA0-C406EAC3642B}.Debug|x86.Build.0 = Debug|Win32
		{0A97ECD7-0580-4FCF-9FA0-C406EAC3642B}.Release|x86.ActiveCfg = Release|Win32
		{0A97ECD7-0580-4FCF-9FA0-C406EAC3642B}.Release|x86.Build.0 = Release|Win32
		{C15B09BC-570B-4098-8967-037462DFDF62}.Debug|x86.ActiveCfg = Debug|Win32
		{C15B09BC-570B-4098-8967-037462DFDF62}.Debug|x86.Build.0 = Debug|Win32
		{C15B09BC-570B-4098-8967-037462DFDF62}.Release|x86.ActiveCfg = Release|Win32
		{C15B09BC-570B-4098-8967-037462DFDF62}.Release|x86.Build.0 = Release|Win32
		{E60B5B2D-19E8-4FD3-BFF7-CB908C5A651A}.Debug|x86.ActiveCfg = Debug|Win32
		{E60B5B2D-19E8-4FD3-BFF7-CB908C5A651A}.Debug|x86.Build.0 = Debug|Win32
		{E60B5B2D-19E8-4FD3-BFF7-CB908C5A651A}.Release|x86.ActiveCfg = Release|Win32
		{E60B5B2D-19E8-4FD3-BFF7-CB908C5A651A}.Release|x86.Build.0 = Release|Win32
		{837A57D3-2A9F-4985-B2EA-E18558EEAA43}.Debug|x86.ActiveCfg = Debug|Win32
		{837A57D3-2A9F-4985-B2EA-E18558EEAA43}.Debug|x86.Build.0 = Debug|Win32
		{837A57D3-2A9F-4985-B2EA-E18558EEAA43}.Release|x86.ActiveCfg = Release|Win32
		{837A57D3-2A9F-4985-B2EA-E18558EEAA43}.Release|x86.Build.0 = Release|Win32
		{49647803-64C5-4742-BCB2-C8DC671B25EF}.Debug|x86.ActiveCfg = Debug|Win32
		{49647803-64C5-4742-BCB2-C8DC671B25EF}.Debug|x86.Build.0 = Debug|Win32
		{49647803-64C5-4742-BCB2-C8DC671B25EF}.Release|x86.ActiveCfg = Release|Win32
		{49647803-64C5-4742-BCB2-C8DC671B25EF}.Release|x86.Build.0 = Release|Win32
		{0CAD91E6-F886-4615-870F-EE1B186614DC}.Debug|x86.ActiveCfg = Debug|Win32
		{0CAD91E6-F886-4615-870F-EE1B186614DC}.Debug|x86.Build.0 = Debug|Win32
		{0CAD91E6-F886-4615-870F-EE1B186614DC}.Release|x86.ActiveCfg = Release|Win32
		{0CAD91E6-F886-4615-870F-EE1B186614DC}.Release|x86.Build.0 = Release|Win32
		{654799F4-5396-4466-84E9-2BFD26B5BE8A}.Debug|x86.ActiveCfg = Debug|Win32
		{654799F4-5396-4466-84E9-2BFD26B5BE8A}.Debug|x86.Build.0 = Debug|Win32
		{654799F4-5396-4466-84E9-2BFD26B5BE8A}.Release|x86.ActiveCfg = Release|Win32
		{654799F4-5396-4466-84E9-2BFD26B5BE8A}.Release|x86.Build.0 = Release|Win32
		{949C0D34-7F48-404C-985B-3795E00D7EE7}.Debug|x86.ActiveCfg = Debug|Win32
		{949C0D34-7F48-404C-985B-3795E00D7EE7}.Debug|x86.Build.0 = Debug|Win32
		{949C0D34-7F48-404C-985B-3795E00D7EE7}.Release|x86.ActiveCfg = Release|Win32
		{949C0D34-7F48-404C-985B-3795E00D7EE7}.Release|x86.Build.0 = Release|Win32
		{AE6E05E4-DC5F-4A08-9D77-93D4490DFFFF}.Debug|x86.ActiveCfg = Debug|Win32
		{AE6E05E4-DC5F-4A08-9D77-93D4490DFFFF}.Debug|x86.Build.0 = Debug|Win32
		{AE6E05E4-DC5F-4A08-9D77-93D4490DFFFF}.Release|x86.ActiveCfg = Release|Win32
		{AE6E05E4-DC5F-4A08-9D77-93D4490DFFFF}.Release|x86.Build.0 = Release|Win32
		{E745E25C-0143-42AC-A486-1395A4C972AE}.Debug|x86.ActiveCfg = Debug|Win32
		{E745E25C-0143-42AC-A486-1395A4C972AE}.Debug|x86.Build.0 = Debug|Win32
		{E745E25C-0143-42AC-A486-1395A4C972AE}.Debug|x86.Deploy.0 = Debug|Win32
		{E745E25C-0143-42AC-A486-1395A4C972AE}.Release|x86.ActiveCfg = Release|Win32
		{E745E25C-0143-42AC-A486-1395A4C972AE}.Release|x86.Build.0 = Release|Win32
		{E745E25C-0143-42AC-A486-1395A4C972AE}.Release|x86.Deploy.0 = Release|Win32
		{BE52867A-92EA-479A-9F73-1E96168F9A7B}.Debug|x86.ActiveCfg = Debug|Win32
		{BE52867A-92EA-479A-9F73-1E96168F9A7B}.Debug|x86.Build.0 = Debug|Win32
		{BE52867A-92EA-479A-9F73-1E96168F9A7B}.Release|x86.ActiveCfg = Release|Win32
		{BE52867A-92EA-479A-9F73-1E96168F9A7B}.Release|x86.Build.0 = Release|Win32
		{EDFA3E00-4D79-4DE5-96F7-438EAC3E1103}.Debug|x86.ActiveCfg = Debug|Win32
		{EDFA3E00-4D79-4DE5-96F7-438EAC3E1103}.Debug|x86.Build.0 = Debug|Win32
		{EDFA3E00-4D79-4DE5-96F7-438EAC3E1103}.Release|x86.ActiveCfg = Release|Win32
		{EDFA3E00-4D79-4DE5-96F7-438EAC3E1103}.Release|x86.Build.0 = Release|Win32
		{F700B28F-0E10-450C-AABC-4155C460245B}.Debug|x86.ActiveCfg = Debug|Win32
		{F700B28F-0E10-450C-AABC-4155C460245B}.Debug|x86.Build.0 = Debug|Win32
		{F700B28F-0E10-450C-AABC-4155C460245B}.Release|x86.ActiveCfg = Release|Win32
		{F700B28F-0E10-450C-AABC-4155C460245B}.Release|x86.Build.0 = Release|Win32
		{D96B0ECC-60B7-44C9-9E0F-243F30CB091C}.Debug|x86.ActiveCfg = Debug|Win32
		{D96B0ECC-60B7-44C9-9E0F-243F30CB091C}.Debug|x86.Build.0 = Debug|Win32
		{D96B0ECC-60B7-44C9-9E0F-243F30CB091C}.Release|x86.ActiveCfg = Release|Win32
		{D96B0ECC-60B7-44C9-9E0F-243F30CB091C}.Release|x86.Build.0 = Release|Win32
		{CEBD13BA-58AB-4983-8281-2FD4A23876F5}.Debug|x86.ActiveCfg = Debug|Win32
		{CEBD13BA-58AB-4983-8281-2FD4A23876F5}.Debug|x86.Build.0 = Debug|Win32
		{CEBD13BA-58AB-4983-8281-2FD4A23876F5}.Release|x86.ActiveCfg = Release|Win32
		{CEBD13BA-58AB-4983-8281-2FD4A23876F5}.Release|x86.Build.0 = Release|Win32
		{C76AC833-06E7-4E6A-A097-83568F4930BE}.Debug|x86.ActiveCfg = Debug|Win32
		{C76AC833-06E7-4E6A-A097-83568F4930BE}.Debug|x86.Build.0 = Debug|Win32
		{C76AC833-06E7-4E6A-A097-83568F4930BE}.Release|x86.ActiveCfg = Release|Win32
		{C76AC833-06E7-4E6A-A097-83568F4930BE}.Release|x86.Build.0 = Release|Win32
		{F8D2226D-0FEB-4B92-9F76-59DBB6936F5C}.Debug|x86.ActiveCfg = Debug|Win32
		{F8D2226D-0FEB-4B92-9F76-59DBB6936F5C}.Debug|x86.Build.0 = Debug|Win32
		{F8D2226D-0FEB-4B92-9F76-59DBB6936F5C}.Release|x86.ActiveCfg = Release|Win32
		{F8D2226D-0FEB-4B92-9F76-59DBB6936F5C}.Release|x86.Build.0 = Release|Win32
		{0F3ED9B5-5767-4A16-A2B7-AA328F911889}.Debug|x86.ActiveCfg = Debug|Win32
		{0F3ED9B5-5767-4A16-A2B7-AA328F911889}.Debug|x86.Build.0 = Debug|Win32
		{0F3ED9B5-5767-4A16-A2B7-AA328F911889}.Release|x86.ActiveCfg = Release|Win32
		{0F3ED9B5-5767-4A16-A2B7-AA328F911889}.Release|x86.Build.0 = Release|Win32
		{8C11DBDA-D14E-43F4-8F33-C2206969681C}.Debug|x86.ActiveCfg = Debug|Win32
		{8C11DBDA-D14E-43F4-8F33-C2206969681C}.Debug|x86.Build.0 = Debug|Win32
		{8C11DBDA-D14E-43F4-8F33-C2206969681C}.Release|x86.ActiveCfg = Release|Win32
		{8C11DBDA-D14E-43F4-8F33-C2206969681C}.Release|x86.Build.0 = Release|Win32
		{1F43F357-3BBA-4A90-ABCC-A13ABFAE85B0}.Debug|x86.ActiveCfg = Debug|Win32
		{1F43F357-3BBA-4A90-ABCC-A13ABFAE85B0}.Debug|x86.Build.0 = Debug|Win32
		{1F43F357-3BBA-4A90-ABCC-A13ABFAE85B0}.Release|x86.ActiveCfg = Release|Win32
		{1F43F357-3BBA-4A90-ABCC-A13ABFAE85B0}.Release|x86.Build.0 = Release|Win32
		{82D1372E-2527-4994-BB82-F2EF0A25A5BF}.Debug|x86.ActiveCfg = Debug|Win32
		{82D1372E-2527-4994-BB82-F2EF0A25A5BF}.Debug|x86.Build.0 = Debug|Win32
		{82D1372E-2527-4994-BB82-F2EF0A25A5BF}.Release|x86.ActiveCfg = Release|Win32
		{82D1372E-2527-4994-BB82-F2EF0A25A5BF}.Release|x86.Build.0 = Release|Win32
		{8A69A84C-1395-4519-BFEA-A63FF0152003}.Debug|x86.ActiveCfg = Debug|Win32
		{8A69A84C-1395-4519-BFEA-A63FF0152003}.Debug|x86.Build.0 = Debug|Win32
		{8A69A84C-1395-4519-BFEA-A63FF0152003}.Release|x86.ActiveCfg = Release|Win32
		{8A69A84C-1395-4519-BFEA-A63FF0152003}.Release|x86.Build.0 = Release|Win32
		{F13A6A54-200D-4888-A8AC-D8F29122BF58}.Debug|x86.ActiveCfg = Debug|Win32
		{F13A6A54-200D-4888-A8AC-D8F29122BF58}.Debug|x86.Build.0 = Debug|Win32
		{F13A6A54-200D-4888-A8AC-D8F29122BF58}.Release|x86.ActiveCfg = Release|Win32
		{F13A6A54-200D-4888-A8AC-D8F29122BF58}.Release|x86.Build.0 = Release|Win32
		{4FA51D19-8EF4-4B71-A2CB-557B075ED3B5}.Debug|x86.ActiveCfg = Debug|Win32
		{4FA51D19-8EF4-4B71-A2CB-557B075ED3B5}.Debug|x86.Build.0 = Debug|Win32
		{4FA51D19-8EF4-4B71-A2CB-557B075ED3B5}.Release|x86.ActiveCfg = Release|Win32
		{4FA51D19-8EF4-4B71-A2CB-557B075ED3B5}.Release|x86.Build.0 = Release|Win32
		{1DE3FADD-3B5E-4D01-A0EF-58D207A1C1DD}.Debug|x86.ActiveCfg = Debug|Win32
		{1DE3FADD-3B5E-4D01-A0EF-58D207A1C1DD}.Debug|x86.Build.0 = Debug|Win32
		{1DE3FADD-3B5E-4D01-A0EF-58D207A1C1DD}.Release|x86.ActiveCfg = Release|Win32
		{1DE3FADD-3B5E-4D01-A0EF-58D207A1C1DD}.Release|x86.Build.0 = Release|Win32
		{4B4B19F6-D848-4668-B938-F0686EB12F9A}.Debug|x86.ActiveCfg = Debug|Win32
		{4B4B19F6-D848-4668-B938-F0686EB12F9A}.Debug|x86.Build.0 = Debug|Win32
		{4B4B19F6-D848-4668-B938-F0686EB12F9A}.Release|x86.ActiveCfg = Release|Win32
		{4B4B19F6-D848-4668-B938-F0686EB12F9A}.Release|x86.Build.0 = Release|Win32
		{B29A7F3F-25ED-41BB-93DB-A79A918FAFDC}.Debug|x86.ActiveCfg = Debug|Win32
		{B29A7F3F-25ED-41BB-93DB-A79A918FAFDC}.Debug|x86.Build.0 = Debug|Win32
		{B29A7F3F-25ED-41BB-93DB-A79A918FAFDC}.Release|x86.ActiveCfg = Release|Win32
		{B29A7F3F-25ED-41BB-93DB-A79A918FAFDC}.Release|x86.Build.0 = Release|Win32
		{844D5FBC-A0E8-446D-AF24-7B6FAD8FD713}.Debug|x86.ActiveCfg = Debug|Win32
		{844D5FBC-A0E8-446D-AF24-7B6FAD8FD713}.Debug|x86.Build.0 = Debug|Win32
		{844D5FBC-A0E8-446D-AF24-7B6FAD8FD713}.Release|x86.ActiveCfg = Release|Win32
		{844D5FBC-A0E8-446D-AF24-7B6FAD8FD713}.Release|x86.Build.0 = Release|Win32
		{AA74BEEF-2484-4B8A-A9F4-ACB122220189}.Debug|x86.ActiveCfg = Debug|Win32
		{AA74BEEF-2484-4B8A-A9F4-ACB122220189}.Debug|x86.Build.0 = Debug|Win32
		{AA74BEEF-2484-4B8A-A9F4-ACB122220189}.Release|x86.ActiveCfg = Release|Win32
		{AA74BEEF-2484-4B8A-A9F4-ACB122220189}.Release|x86.Build.0 = Release|Win32
		{58CB6636-1057-466F-AB91-BADB3395421A}.Debug|x86.ActiveCfg = Debug|Win32
		{58CB6636-1057-466F-AB91-BADB3395421A}.Debug|x86.Build.0 = Debug|Win32
		{58CB6636-1057-466F-AB91-BADB3395421A}.Release|x86.ActiveCfg = Release|Win32
		{58CB6636-1057-466F-AB91-BADB3395421A}.Release|x86.Build.0 = Release|Win32
		{9E15F775-D7C8-486A-A4B6-3F9F21881D69}.Debug|x86.ActiveCfg = Debug|Win32
		{9E15F775-D7C8-486A-A4B6-3F9F21881D69}.Debug|x86.Build.0 = Debug|Win32
		{9E15F775-D7C8-486A-A4B6-3F9F21881D69}.Release|x86.ActiveCfg = Release|Win32
		{9E15F775-D7C8-486A-A4B6-3F9F21881D69}.Release|x86.Build.0 = Release|Win32
		{34D8E51C-8BFB-4316-8048-234C3FD966D1}.Debug|x86.ActiveCfg = Debug|Win32
		{34D8E51C-8BFB-4316-8048-234C3FD966D1}.Debug|x86.Build.0 = Debug|Win32
		{34D8E51C-8BFB-4316-8048-234C3FD966D1}.Release|x86.ActiveCfg = Release|Win32
		{34D8E51C-8BFB-4316-8048-234C3FD966D1}.Release|x86.Build.0 = Release|Win32
		{D9FF59DA-07A5-475D-8B11-C70D8891576E}.Debug|x86.ActiveCfg = Debug|Win32
		{D9FF59DA-07A5-475D-8B11-C70D8891576E}.Debug|x86.Build.0 = Debug|Win32
		{D9FF59DA-07A5-475D-8B11-C70D8891576E}.Release|x86.ActiveCfg = Release|Win32
		{D9FF59DA-07A5-475D-8B11-C70D8891576E}.Release|x86.Build.0 = Release|Win32
		{531771BB-7F7E-47FF-A148-2AC8F76235A0}.Debug|x86.ActiveCfg = Debug|Win32
		{531771BB-7F7E-47FF-A148-2AC8F76235A0}.Debug|x86.Build.0 = Debug|Win32
		{531771BB-7F7E-47FF-A148-2AC8F76235A0}.Release|x86.ActiveCfg = Release|Win32
		{531771BB-7F7E-47FF-A148-2AC8F76235A0}.Release|x86.Build.0 = Release|Win32
		{822E40D2-80A1-46EB-AD93-EC28C4F145ED}.Debug|x86.ActiveCfg = Debug|Win32
		{822E40D2-80A1-46EB-AD93-EC28C4F145ED}.Debug|x86.Build.0 = Debug|Win32
		{822E40D2-80A1-46EB-AD93-EC28C4F145ED}.Release|x86.ActiveCfg = Release|Win32
		{822E40D2-80A1-46EB-AD93-EC28C4F145ED}.Release|x86.Build.0 = Release|Win32
		{562D9687-E5A5-4AE5-BCDA-0391D518E7BD}.Debug|x86.ActiveCfg = Debug|Win32
		{562D9687-E5A5-4AE5-BCDA-0391D518E7BD}.Debug|x86.Build.0 = Debug|Win32
		{562D9687-E5A5-4AE5-BCDA-0391D518E7BD}.Release|x86.ActiveCfg = Release|Win32
		{562D9687-E5A5-4AE5-BCDA-0391D518E7BD}.Release|x86.Build.0 = Release|Win32
		{0BFF89F3-1A79-4B83-A0EB-7C16FDA662E1}.Debug|x86.ActiveCfg = Debug|Win32
		{0BFF89F3-1A79-4B83-A0EB-7C16FDA662E1}.Debug|x86.Build.0 = Debug|Win32
		{0BFF89F3-1A79-4B83-A0EB-7C16FDA662E1}.Release|x86.ActiveCfg = Release|Win32
		{0BFF89F3-1A79-4B83-A0EB-7C16FDA662E1}.Release|x86.Build.0 = Release|Win32
		{9557AEB2-A186-4645-B8D0-678D133C2EFA}.Debug|x86.ActiveCfg = Debug|Win32
		{9557AEB2-A186-4645-B8D0-678D133C2EFA}.Debug|x86.Build.0 = Debug|Win32
		{9557AEB2-A186-4645-B8D0-678D133C2EFA}.Release|x86.ActiveCfg = Release|Win32
		{9557AEB2-A186-4645-B8D0-678D133C2EFA}.Release|x86.Build.0 = Release|Win32
		{870B329D-6DED-48D2-8E86-0893E3BB8DAB}.Debug|x86.ActiveCfg = Debug|Win32
		{870B329D-6DED-48D2-8E86-0893E3BB8DAB}.Debug|x86.Build.0 = Debug|Win32
		{870B329D-6DED-48D2-8E86-0893E3BB8DAB}.Release|x86.ActiveCfg = Release|Win32
		{870B329D-6DED-48D2-8E86-0893E3BB8DAB}.Release|x86.Build.0 = Release|Win32
		{7EDBEED8-75ED-48EE-9F13-5D4A895E8F1B}.Debug|x86.ActiveCfg = Debug|Win32
		{7EDBEED8-75ED-48EE-9F13-5D4A895E8F1B}.Debug|x86.Build.0 = Debug|Win32
		{7EDBEED8-75ED-48EE-9F13-5D4A895E8F1B}.Release|x86.ActiveCfg = Release|Win32
		{7EDBEED8-75ED-48EE-9F13-5D4A895E8F1B}.Release|x86.Build.0 = Release|Win32
		{63E8C63D-1CCD-43F2-9E0F-1510677DE856}.Debug|x86.ActiveCfg = Debug|Win32
		{63E8C63D-1CCD-43F2-9E0F-1510677DE856}.Debug|x86.Build.0 = Debug|Win32
		{63E8C63D-1CCD-43F2-9E0F-1510677DE856}.Release|x86.ActiveCfg = Release|Win32
		{63E8C63D-1CCD-43F2-9E0F-1510677DE856}.Release|x86.Build.0 = Release|Win32
		{08A11DA8-4582-4AE0-90FE-929F44487E65}.Debug|x86.ActiveCfg = Debug|Win32
		{08A11DA8-4582-4AE0-90FE-929F44487E65}.Debug|x86.Build.0 = Debug|Win32
		{08A11DA8-4582-4AE0-90FE-929F44487E65}.Release|x86.ActiveCfg = Release|Win32
		{08A11DA8-4582-4AE0-90FE-929F44487E65}.Release|x86.Build.0 = Release|Win32
		{413BF597-600A-43A8-8A82-CB60E2DCDD95}.Debug|x86.ActiveCfg = Debug|Win32
		{413BF597-600A-43A8-8A82-CB60E2DCDD95}.Debug|x86.Build.0 = Debug|Win32
		{413BF597-600A-43A8-8A82-CB60E2DCDD95}.Release|x86.ActiveCfg = Release|Win32
		{413BF597-600A-43A8-8A82-CB60E2DCDD95}.Release|x86.Build.0 = Release|Win32
		{44D2C07B-798D-461B-9019-DFB240593888}.Debug|x86.ActiveCfg = Debug|Win32
		{44D2C07B-798D-461B-9019-DFB240593888}.Debug|x86.Build.0 = Debug|Win32
		{44D2C07B-798D-461B-9019-DFB240593888}.Release|x86.ActiveCfg = Release|Win32
		{44D2C07B-798D-461B-9019-DFB240593888}.Release|x86.Build.0 = Release|Win32
	EndGlobalSection
	GlobalSection(SolutionProperties) = preSolution
		HideSolutionNode = FALSE
	EndGlobalSection
	GlobalSection(NestedProjects) = preSolution
		{FA12657D-D8A0-41F5-8FB0-D1031C586229} = {69E172C4-C41E-49E1-80A7-9F011CA76C8B}
		{FC236736-76AC-40A9-BFEF-3ECB6DB084C8} = {69E172C4-C41E-49E1-80A7-9F011CA76C8B}
		{0A97ECD7-0580-4FCF-9FA0-C406EAC3642B} = {69E172C4-C41E-49E1-80A7-9F011CA76C8B}
		{C15B09BC-570B-4098-8967-037462DFDF62} = {69E172C4-C41E-49E1-80A7-9F011CA76C8B}
		{E60B5B2D-19E8-4FD3-BFF7-CB908C5A651A} = {69E172C4-C41E-49E1-80A7-9F011CA76C8B}
		{837A57D3-2A9F-4985-B2EA-E18558EEAA43} = {75A6D539-8458-45DF-BE47-1376FB54C16E}
		{49647803-64C5-4742-BCB2-C8DC671B25EF} = {75A6D539-8458-45DF-BE47-1376FB54C16E}
		{0CAD91E6-F886-4615-870F-EE1B186614DC} = {75A6D539-8458-45DF-BE47-1376FB54C16E}
		{654799F4-5396-4466-84E9-2BFD26B5BE8A} = {75A6D539-8458-45DF-BE47-1376FB54C16E}
		{949C0D34-7F48-404C-985B-3795E00D7EE7} = {75A6D539-8458-45DF-BE47-1376FB54C16E}
		{AE6E05E4-DC5F-4A08-9D77-93D4490DFFFF} = {75A6D539-8458-45DF-BE47-1376FB54C16E}
		{E745E25C-0143-42AC-A486-1395A4C972AE} = {A8C5934B-38F4-49D4-A0E2-9A8F3F2945D3}
		{BE52867A-92EA-479A-9F73-1E96168F9A7B} = {A586CAA1-C864-488E-8301-D374FFD607C9}
		{EDFA3E00-4D79-4DE5-96F7-438EAC3E1103} = {69E172C4-C41E-49E1-80A7-9F011CA76C8B}
		{F700B28F-0E10-450C-AABC-4155C460245B} = {69E172C4-C41E-49E1-80A7-9F011CA76C8B}
		{D96B0ECC-60B7-44C9-9E0F-243F30CB091C} = {69E172C4-C41E-49E1-80A7-9F011CA76C8B}
		{CEBD13BA-58AB-4983-8281-2FD4A23876F5} = {69E172C4-C41E-49E1-80A7-9F011CA76C8B}
		{C76AC833-06E7-4E6A-A097-83568F4930BE} = {69E172C4-C41E-49E1-80A7-9F011CA76C8B}
		{F8D2226D-0FEB-4B92-9F76-59DBB6936F5C} = {69E172C4-C41E-49E1-80A7-9F011CA76C8B}
		{0F3ED9B5-5767-4A16-A2B7-AA328F911889} = {69E172C4-C41E-49E1-80A7-9F011CA76C8B}
		{8C11DBDA-D14E-43F4-8F33-C2206969681C} = {69E172C4-C41E-49E1-80A7-9F011CA76C8B}
		{1F43F357-3BBA-4A90-ABCC-A13ABFAE85B0} = {69E172C4-C41E-49E1-80A7-9F011CA76C8B}
		{82D1372E-2527-4994-BB82-F2EF0A25A5BF} = {69E172C4-C41E-49E1-80A7-9F011CA76C8B}
		{8A69A84C-1395-4519-BFEA-A63FF0152003} = {69E172C4-C41E-49E1-80A7-9F011CA76C8B}
		{F13A6A54-200D-4888-A8AC-D8F29122BF58} = {69E172C4-C41E-49E1-80A7-9F011CA76C8B}
		{4FA51D19-8EF4-4B71-A2CB-557B075ED3B5} = {69E172C4-C41E-49E1-80A7-9F011CA76C8B}
		{1DE3FADD-3B5E-4D01-A0EF-58D207A1C1DD} = {69E172C4-C41E-49E1-80A7-9F011CA76C8B}
		{4B4B19F6-D848-4668-B938-F0686EB12F9A} = {69E172C4-C41E-49E1-80A7-9F011CA76C8B}
		{B29A7F3F-25ED-41BB-93DB-A79A918FAFDC} = {69E172C4-C41E-49E1-80A7-9F011CA76C8B}
		{844D5FBC-A0E8-446D-AF24-7B6FAD8FD713} = {69E172C4-C41E-49E1-80A7-9F011CA76C8B}
		{AA74BEEF-2484-4B8A-A9F4-ACB122220189} = {69E172C4-C41E-49E1-80A7-9F011CA76C8B}
		{58CB6636-1057-466F-AB91-BADB3395421A} = {69E172C4-C41E-49E1-80A7-9F011CA76C8B}
		{9E15F775-D7C8-486A-A4B6-3F9F21881D69} = {69E172C4-C41E-49E1-80A7-9F011CA76C8B}
		{34D8E51C-8BFB-4316-8048-234C3FD966D1} = {A586CAA1-C864-488E-8301-D374FFD607C9}
		{D9FF59DA-07A5-475D-8B11-C70D8891576E} = {69E172C4-C41E-49E1-80A7-9F011CA76C8B}
		{531771BB-7F7E-47FF-A148-2AC8F76235A0} = {78C06654-E155-40A8-97F7-7BA1E50977C5}
		{822E40D2-80A1-46EB-AD93-EC28C4F145ED} = {78C06654-E155-40A8-97F7-7BA1E50977C5}
		{562D9687-E5A5-4AE5-BCDA-0391D518E7BD} = {78C06654-E155-40A8-97F7-7BA1E50977C5}
		{0BFF89F3-1A79-4B83-A0EB-7C16FDA662E1} = {78C06654-E155-40A8-97F7-7BA1E50977C5}
		{9557AEB2-A186-4645-B8D0-678D133C2EFA} = {78C06654-E155-40A8-97F7-7BA1E50977C5}
		{870B329D-6DED-48D2-8E86-0893E3BB8DAB} = {78C06654-E155-40A8-97F7-7BA1E50977C5}
		{7EDBEED8-75ED-48EE-9F13-5D4A895E8F1B} = {EE0E027C-366F-4685-94D5-0EA5F6870B1B}
		{63E8C63D-1CCD-43F2-9E0F-1510677DE856} = {EE0E027C-366F-4685-94D5-0EA5F6870B1B}
		{08A11DA8-4582-4AE0-90FE-929F44487E65} = {EE0E027C-366F-4685-94D5-0EA5F6870B1B}
		{413BF597-600A-43A8-8A82-CB60E2DCDD95} = {EE0E027C-366F-4685-94D5-0EA5F6870B1B}
		{44D2C07B-798D-461B-9019-DFB240593888} = {EE0E027C-366F-4685-94D5-0EA5F6870B1B}
	EndGlobalSection
	GlobalSection(ExtensibilityGlobals) = postSolution
		SolutionGuid = {A36545A6-DAAA-4856-BDB7-57C29F88BC6B}
	EndGlobalSection
EndGlobal
