<?xml version="1.0" encoding="utf-8"?>
<Project ToolsVersion="4.0" xmlns="http://schemas.microsoft.com/developer/msbuild/2003">
  <ItemGroup>
    <Filter Include="Source Files">
      <UniqueIdentifier>{4FC737F1-C7A5-4376-A066-2A32D752A2FF}</UniqueIdentifier>
      <Extensions>cpp;c;cc;cxx;def;odl;idl;hpj;bat;asm;asmx</Extensions>
    </Filter>
    <Filter Include="Header Files">
      <UniqueIdentifier>{93995380-89BD-4b04-88EB-625FBE52EBFB}</UniqueIdentifier>
      <Extensions>h;hpp;hxx;hm;inl;inc;xsd</Extensions>
    </Filter>
    <Filter Include="Resource Files">
      <UniqueIdentifier>{67DA6AB6-F800-4c08-8B7A-83BB121AAD01}</UniqueIdentifier>
      <Extensions>rc;ico;cur;bmp;dlg;rc2;rct;bin;rgs;gif;jpg;jpeg;jpe;resx;tiff;tif;png;wav;mfcribbon-ms</Extensions>
    </Filter>
    <Filter Include="Shaders">
      <UniqueIdentifier>{681e011b-8622-496b-a4ef-3bcb89f66973}</UniqueIdentifier>
    </Filter>
    <Filter Include="Header Files\Materials">
      <UniqueIdentifier>{ee53c6a9-ce6b-4936-a4fd-9d4b7fa3b3ff}</UniqueIdentifier>
    </Filter>
    <Filter Include="Source Files\Materials">
      <UniqueIdentifier>{59641fd5-2352-4784-8ff0-0981926247da}</UniqueIdentifier>
    </Filter>
    <Filter Include="Source Files\System">
      <UniqueIdentifier>{a0bcd505-c5e8-4874-9f19-753918accb55}</UniqueIdentifier>
    </Filter>
    <Filter Include="Header Files\System">
      <UniqueIdentifier>{ddc71a80-c777-41c6-982b-a7f02d28fe87}</UniqueIdentifier>
    </Filter>
    <Filter Include="Header Files\Mesh">
      <UniqueIdentifier>{faf3812b-6160-4f11-a0ec-392f95c10e06}</UniqueIdentifier>
    </Filter>
    <Filter Include="Source Files\Mesh">
      <UniqueIdentifier>{c66bb9f0-2263-48ae-ae7e-2c242c7f927c}</UniqueIdentifier>
    </Filter>
    <Filter Include="Header Files\Light">
      <UniqueIdentifier>{e48cf2fa-45b6-4ab1-971e-845d64914242}</UniqueIdentifier>
    </Filter>
    <Filter Include="Source Files\Light">
      <UniqueIdentifier>{856cb889-dc5d-4ad9-b762-f9000ff2c48f}</UniqueIdentifier>
    </Filter>
    <Filter Include="Header Files\Camera">
      <UniqueIdentifier>{6cddc89a-71aa-42af-80de-58289c3fe40c}</UniqueIdentifier>
    </Filter>
    <Filter Include="Source Files\Camera">
      <UniqueIdentifier>{3c9c735b-4b5f-4add-a52f-f86a5167c0f3}</UniqueIdentifier>
    </Filter>
  </ItemGroup>
  <ItemGroup>
    <ClInclude Include="..\include\BasicX\BasicX.h">
      <Filter>Header Files</Filter>
    </ClInclude>
    <ClInclude Include="..\include\BasicX\BasicXApplication.h">
      <Filter>Header Files</Filter>
    </ClInclude>
    <ClInclude Include="..\include\BasicX\Camera\Camera.h">
      <Filter>Header Files\Camera</Filter>
    </ClInclude>
    <ClInclude Include="..\include\BasicX\Camera\CameraManager.h">
      <Filter>Header Files\Camera</Filter>
    </ClInclude>
    <ClInclude Include="..\include\BasicX\Light\Light.h">
      <Filter>Header Files\Light</Filter>
    </ClInclude>
    <ClInclude Include="..\include\BasicX\Light\LightManager.h">
      <Filter>Header Files\Light</Filter>
    </ClInclude>
    <ClInclude Include="..\include\BasicX\Materials\Material.h">
      <Filter>Header Files\Materials</Filter>
    </ClInclude>
    <ClInclude Include="..\include\BasicX\Materials\MaterialManager.h">
      <Filter>Header Files\Materials</Filter>
    </ClInclude>
    <ClInclude Include="..\include\BasicX\Materials\Texture.h">
      <Filter>Header Files\Materials</Filter>
    </ClInclude>
    <ClInclude Include="..\include\BasicX\Materials\TextureManager.h">
      <Filter>Header Files\Materials</Filter>
    </ClInclude>
    <ClInclude Include="..\include\BasicX\Mesh\Mesh.h">
      <Filter>Header Files\Mesh</Filter>
    </ClInclude>
    <ClInclude Include="..\include\BasicX\Mesh\MeshManager.h">
      <Filter>Header Files\Mesh</Filter>
    </ClInclude>
    <ClInclude Include="..\include\BasicX\Mesh\Text.h">
      <Filter>Header Files\Mesh</Filter>
    </ClInclude>
    <ClInclude Include="..\include\BasicX\System\Definitions.h">
      <Filter>Header Files\System</Filter>
    </ClInclude>
    <ClInclude Include="..\include\BasicX\System\FileReader.h">
      <Filter>Header Files\System</Filter>
    </ClInclude>
    <ClInclude Include="..\include\BasicX\System\Folder.h">
      <Filter>Header Files\System</Filter>
    </ClInclude>
    <ClInclude Include="..\include\BasicX\System\GLSystem.h">
      <Filter>Header Files\System</Filter>
    </ClInclude>
    <ClInclude Include="..\include\BasicX\System\Shader.h">
      <Filter>Header Files\System</Filter>
    </ClInclude>
    <ClInclude Include="..\include\BasicX\System\ShaderCompiler.h">
      <Filter>Header Files\System</Filter>
    </ClInclude>
    <ClInclude Include="..\include\BasicX\System\ShaderManager.h">
      <Filter>Header Files\System</Filter>
    </ClInclude>
    <ClInclude Include="..\include\BasicX\System\Window.h">
      <Filter>Header Files\System</Filter>
    </ClInclude>
    <ClInclude Include="..\include\BasicX\System\SystemSingleton.h">
      <Filter>Header Files\System</Filter>
    </ClInclude>
  </ItemGroup>
  <ItemGroup>
    <ClCompile Include="Camera.cpp">
      <Filter>Source Files\Camera</Filter>
    </ClCompile>
    <ClCompile Include="CameraManager.cpp">
      <Filter>Source Files\Camera</Filter>
    </ClCompile>
    <ClCompile Include="FileReader.cpp">
      <Filter>Source Files\System</Filter>
    </ClCompile>
    <ClCompile Include="Folder.cpp">
      <Filter>Source Files\System</Filter>
    </ClCompile>
    <ClCompile Include="GLSystem.cpp">
      <Filter>Source Files\System</Filter>
    </ClCompile>
    <ClCompile Include="Light.cpp">
      <Filter>Source Files\Light</Filter>
    </ClCompile>
    <ClCompile Include="LightManager.cpp">
      <Filter>Source Files\Light</Filter>
    </ClCompile>
    <ClCompile Include="Material.cpp">
      <Filter>Source Files\Materials</Filter>
    </ClCompile>
    <ClCompile Include="MaterialManager.cpp">
      <Filter>Source Files\Materials</Filter>
    </ClCompile>
    <ClCompile Include="Mesh.cpp">
      <Filter>Source Files\Mesh</Filter>
    </ClCompile>
    <ClCompile Include="MeshManager.cpp">
      <Filter>Source Files\Mesh</Filter>
    </ClCompile>
    <ClCompile Include="Shader.cpp">
      <Filter>Source Files\System</Filter>
    </ClCompile>
    <ClCompile Include="ShaderCompiler.cpp">
      <Filter>Source Files\System</Filter>
    </ClCompile>
    <ClCompile Include="ShaderManager.cpp">
      <Filter>Source Files\System</Filter>
    </ClCompile>
    <ClCompile Include="Text.cpp">
      <Filter>Source Files\Mesh</Filter>
    </ClCompile>
    <ClCompile Include="Texture.cpp">
      <Filter>Source Files\Materials</Filter>
    </ClCompile>
    <ClCompile Include="TextureManager.cpp">
      <Filter>Source Files\Materials</Filter>
    </ClCompile>
    <ClCompile Include="Window.cpp">
      <Filter>Source Files\System</Filter>
    </ClCompile>
    <ClCompile Include="SystemSingleton.cpp">
      <Filter>Source Files\System</Filter>
    </ClCompile>
    <ClCompile Include="BasicXApplication.cpp">
      <Filter>Source Files</Filter>
    </ClCompile>
  </ItemGroup>
  <ItemGroup>
    <None Include="..\include\Simplex\Shaders\Basic.fs">
      <Filter>Shaders</Filter>
    </None>
    <None Include="..\include\Simplex\Shaders\Basic.vs">
      <Filter>Shaders</Filter>
    </None>
    <None Include="..\include\Simplex\Shaders\Simplex.fs">
      <Filter>Shaders</Filter>
    </None>
    <None Include="..\include\Simplex\Shaders\Simplex.vs">
      <Filter>Shaders</Filter>
    </None>
    <None Include="..\include\Simplex\Shaders\Skybox.fs">
      <Filter>Shaders</Filter>
    </None>
    <None Include="..\include\Simplex\Shaders\Skybox.vs">
      <Filter>Shaders</Filter>
    </None>
    <None Include="..\include\Simplex\Shaders\Text.fs">
      <Filter>Shaders</Filter>
    </None>
    <None Include="..\include\Simplex\Shaders\Text.vs">
      <Filter>Shaders</Filter>
    </None>
    <None Include="..\include\Simplex\Shaders\Wireframe.fs">
      <Filter>Shaders</Filter>
    </None>
  </ItemGroup>
</Project>